// !$*UTF8*$!
{
	archiveVersion = 1;
	classes = {
	};
	objectVersion = 50;
	objects = {

/* Begin PBXBuildFile section */
		C909132523D181B50017E9FA /* DictyCell.swift in Sources */ = {isa = PBXBuildFile; fileRef = C909132423D181B50017E9FA /* DictyCell.swift */; };
		C909132723D182A80017E9FA /* DictysViewController.swift in Sources */ = {isa = PBXBuildFile; fileRef = C909132623D182A80017E9FA /* DictysViewController.swift */; };
		C909132B23D18CF00017E9FA /* DictysData.swift in Sources */ = {isa = PBXBuildFile; fileRef = C909132A23D18CF00017E9FA /* DictysData.swift */; };
		C909133023D1C43E0017E9FA /* DictyViewController.swift in Sources */ = {isa = PBXBuildFile; fileRef = C909132E23D1C43E0017E9FA /* DictyViewController.swift */; };
		C909133123D1C43E0017E9FA /* DictyViewController.xib in Resources */ = {isa = PBXBuildFile; fileRef = C909132F23D1C43E0017E9FA /* DictyViewController.xib */; };
		C90AF86723CB8D3400B6D192 /* AppDelegate.swift in Sources */ = {isa = PBXBuildFile; fileRef = C90AF86623CB8D3400B6D192 /* AppDelegate.swift */; };
		C90AF86C23CB8D3400B6D192 /* Main.storyboard in Resources */ = {isa = PBXBuildFile; fileRef = C90AF86A23CB8D3400B6D192 /* Main.storyboard */; };
		C90AF86E23CB8D3500B6D192 /* Assets.xcassets in Resources */ = {isa = PBXBuildFile; fileRef = C90AF86D23CB8D3500B6D192 /* Assets.xcassets */; };
		C90AF87123CB8D3500B6D192 /* LaunchScreen.storyboard in Resources */ = {isa = PBXBuildFile; fileRef = C90AF86F23CB8D3500B6D192 /* LaunchScreen.storyboard */; };
		C90AF87C23CB8D3500B6D192 /* DictyTests.swift in Sources */ = {isa = PBXBuildFile; fileRef = C90AF87B23CB8D3500B6D192 /* DictyTests.swift */; };
		C90AF88723CB8D3500B6D192 /* DictyUITests.swift in Sources */ = {isa = PBXBuildFile; fileRef = C90AF88623CB8D3500B6D192 /* DictyUITests.swift */; };
		C90AF89623CB8E3100B6D192 /* NewWord.storyboard in Resources */ = {isa = PBXBuildFile; fileRef = C90AF89423CB8E3100B6D192 /* NewWord.storyboard */; };
		C90AF89A23CB8E8E00B6D192 /* Dictys.storyboard in Resources */ = {isa = PBXBuildFile; fileRef = C90AF89823CB8E8E00B6D192 /* Dictys.storyboard */; };
		C90AF89C23CB8EC600B6D192 /* CoolStuff.storyboard in Resources */ = {isa = PBXBuildFile; fileRef = C90AF89B23CB8EC600B6D192 /* CoolStuff.storyboard */; };
		C90AF89E23CB8F1B00B6D192 /* Settings.storyboard in Resources */ = {isa = PBXBuildFile; fileRef = C90AF89D23CB8F1B00B6D192 /* Settings.storyboard */; };
		C9210ECA23CB939D00630147 /* SettingsView.swift in Sources */ = {isa = PBXBuildFile; fileRef = C9210EC923CB939D00630147 /* SettingsView.swift */; };
		C9210ECC23CB946B00630147 /* SettingsData.swift in Sources */ = {isa = PBXBuildFile; fileRef = C9210ECB23CB946B00630147 /* SettingsData.swift */; };
		C940602223D07AB300984853 /* OfflineDictionariesCell.swift in Sources */ = {isa = PBXBuildFile; fileRef = C940602123D07AB300984853 /* OfflineDictionariesCell.swift */; };
		C98B245D23CF32DA003D64E3 /* SettingsCell.swift in Sources */ = {isa = PBXBuildFile; fileRef = C98B245C23CF32DA003D64E3 /* SettingsCell.swift */; };
		C98B246523CF4B97003D64E3 /* LanguagesViewController.swift in Sources */ = {isa = PBXBuildFile; fileRef = C98B246423CF4B97003D64E3 /* LanguagesViewController.swift */; };
		C98B246723CF4CDA003D64E3 /* LanguagesData.swift in Sources */ = {isa = PBXBuildFile; fileRef = C98B246623CF4CDA003D64E3 /* LanguagesData.swift */; };
		C98B246B23CF71A8003D64E3 /* OfflineDictionariesViewController.swift in Sources */ = {isa = PBXBuildFile; fileRef = C98B246A23CF71A8003D64E3 /* OfflineDictionariesViewController.swift */; };
		C98B246D23CF71FA003D64E3 /* OfflineDictionariesData.swift in Sources */ = {isa = PBXBuildFile; fileRef = C98B246C23CF71FA003D64E3 /* OfflineDictionariesData.swift */; };
/* End PBXBuildFile section */

/* Begin PBXContainerItemProxy section */
		C90AF87823CB8D3500B6D192 /* PBXContainerItemProxy */ = {
			isa = PBXContainerItemProxy;
			containerPortal = C90AF85B23CB8D3400B6D192 /* Project object */;
			proxyType = 1;
			remoteGlobalIDString = C90AF86223CB8D3400B6D192;
			remoteInfo = Dicty;
		};
		C90AF88323CB8D3500B6D192 /* PBXContainerItemProxy */ = {
			isa = PBXContainerItemProxy;
			containerPortal = C90AF85B23CB8D3400B6D192 /* Project object */;
			proxyType = 1;
			remoteGlobalIDString = C90AF86223CB8D3400B6D192;
			remoteInfo = Dicty;
		};
/* End PBXContainerItemProxy section */

/* Begin PBXFileReference section */
		C909132423D181B50017E9FA /* DictyCell.swift */ = {isa = PBXFileReference; lastKnownFileType = sourcecode.swift; path = DictyCell.swift; sourceTree = "<group>"; };
		C909132623D182A80017E9FA /* DictysViewController.swift */ = {isa = PBXFileReference; lastKnownFileType = sourcecode.swift; path = DictysViewController.swift; sourceTree = "<group>"; };
		C909132A23D18CF00017E9FA /* DictysData.swift */ = {isa = PBXFileReference; lastKnownFileType = sourcecode.swift; path = DictysData.swift; sourceTree = "<group>"; };
		C909132E23D1C43E0017E9FA /* DictyViewController.swift */ = {isa = PBXFileReference; lastKnownFileType = sourcecode.swift; path = DictyViewController.swift; sourceTree = "<group>"; };
		C909132F23D1C43E0017E9FA /* DictyViewController.xib */ = {isa = PBXFileReference; lastKnownFileType = file.xib; path = DictyViewController.xib; sourceTree = "<group>"; };
		C90AF86323CB8D3400B6D192 /* Dicty.app */ = {isa = PBXFileReference; explicitFileType = wrapper.application; includeInIndex = 0; path = Dicty.app; sourceTree = BUILT_PRODUCTS_DIR; };
		C90AF86623CB8D3400B6D192 /* AppDelegate.swift */ = {isa = PBXFileReference; lastKnownFileType = sourcecode.swift; path = AppDelegate.swift; sourceTree = "<group>"; };
		C90AF86B23CB8D3400B6D192 /* Base */ = {isa = PBXFileReference; lastKnownFileType = file.storyboard; name = Base; path = Base.lproj/Main.storyboard; sourceTree = "<group>"; };
		C90AF86D23CB8D3500B6D192 /* Assets.xcassets */ = {isa = PBXFileReference; lastKnownFileType = folder.assetcatalog; path = Assets.xcassets; sourceTree = "<group>"; };
		C90AF87023CB8D3500B6D192 /* Base */ = {isa = PBXFileReference; lastKnownFileType = file.storyboard; name = Base; path = Base.lproj/LaunchScreen.storyboard; sourceTree = "<group>"; };
		C90AF87223CB8D3500B6D192 /* Info.plist */ = {isa = PBXFileReference; lastKnownFileType = text.plist.xml; path = Info.plist; sourceTree = "<group>"; };
		C90AF87723CB8D3500B6D192 /* DictyTests.xctest */ = {isa = PBXFileReference; explicitFileType = wrapper.cfbundle; includeInIndex = 0; path = DictyTests.xctest; sourceTree = BUILT_PRODUCTS_DIR; };
		C90AF87B23CB8D3500B6D192 /* DictyTests.swift */ = {isa = PBXFileReference; lastKnownFileType = sourcecode.swift; path = DictyTests.swift; sourceTree = "<group>"; };
		C90AF87D23CB8D3500B6D192 /* Info.plist */ = {isa = PBXFileReference; lastKnownFileType = text.plist.xml; path = Info.plist; sourceTree = "<group>"; };
		C90AF88223CB8D3500B6D192 /* DictyUITests.xctest */ = {isa = PBXFileReference; explicitFileType = wrapper.cfbundle; includeInIndex = 0; path = DictyUITests.xctest; sourceTree = BUILT_PRODUCTS_DIR; };
		C90AF88623CB8D3500B6D192 /* DictyUITests.swift */ = {isa = PBXFileReference; lastKnownFileType = sourcecode.swift; path = DictyUITests.swift; sourceTree = "<group>"; };
		C90AF88823CB8D3500B6D192 /* Info.plist */ = {isa = PBXFileReference; lastKnownFileType = text.plist.xml; path = Info.plist; sourceTree = "<group>"; };
		C90AF89523CB8E3100B6D192 /* Base */ = {isa = PBXFileReference; lastKnownFileType = file.storyboard; name = Base; path = Dicty/Base.lproj/NewWord.storyboard; sourceTree = "<group>"; };
		C90AF89923CB8E8E00B6D192 /* Base */ = {isa = PBXFileReference; lastKnownFileType = file.storyboard; name = Base; path = Dicty/Base.lproj/Dictys.storyboard; sourceTree = "<group>"; };
		C90AF89B23CB8EC600B6D192 /* CoolStuff.storyboard */ = {isa = PBXFileReference; fileEncoding = 4; lastKnownFileType = file.storyboard; path = CoolStuff.storyboard; sourceTree = "<group>"; };
		C90AF89D23CB8F1B00B6D192 /* Settings.storyboard */ = {isa = PBXFileReference; fileEncoding = 4; lastKnownFileType = file.storyboard; path = Settings.storyboard; sourceTree = "<group>"; };
		C9210EC923CB939D00630147 /* SettingsView.swift */ = {isa = PBXFileReference; lastKnownFileType = sourcecode.swift; path = SettingsView.swift; sourceTree = "<group>"; };
		C9210ECB23CB946B00630147 /* SettingsData.swift */ = {isa = PBXFileReference; lastKnownFileType = sourcecode.swift; path = SettingsData.swift; sourceTree = "<group>"; };
		C940602123D07AB300984853 /* OfflineDictionariesCell.swift */ = {isa = PBXFileReference; lastKnownFileType = sourcecode.swift; path = OfflineDictionariesCell.swift; sourceTree = "<group>"; };
		C98B245C23CF32DA003D64E3 /* SettingsCell.swift */ = {isa = PBXFileReference; lastKnownFileType = sourcecode.swift; path = SettingsCell.swift; sourceTree = "<group>"; };
		C98B246423CF4B97003D64E3 /* LanguagesViewController.swift */ = {isa = PBXFileReference; lastKnownFileType = sourcecode.swift; path = LanguagesViewController.swift; sourceTree = "<group>"; };
		C98B246623CF4CDA003D64E3 /* LanguagesData.swift */ = {isa = PBXFileReference; lastKnownFileType = sourcecode.swift; path = LanguagesData.swift; sourceTree = "<group>"; };
		C98B246A23CF71A8003D64E3 /* OfflineDictionariesViewController.swift */ = {isa = PBXFileReference; lastKnownFileType = sourcecode.swift; path = OfflineDictionariesViewController.swift; sourceTree = "<group>"; };
		C98B246C23CF71FA003D64E3 /* OfflineDictionariesData.swift */ = {isa = PBXFileReference; lastKnownFileType = sourcecode.swift; path = OfflineDictionariesData.swift; sourceTree = "<group>"; };
/* End PBXFileReference section */

/* Begin PBXFrameworksBuildPhase section */
		C90AF86023CB8D3400B6D192 /* Frameworks */ = {
			isa = PBXFrameworksBuildPhase;
			buildActionMask = 2147483647;
			files = (
			);
			runOnlyForDeploymentPostprocessing = 0;
		};
		C90AF87423CB8D3500B6D192 /* Frameworks */ = {
			isa = PBXFrameworksBuildPhase;
			buildActionMask = 2147483647;
			files = (
			);
			runOnlyForDeploymentPostprocessing = 0;
		};
		C90AF87F23CB8D3500B6D192 /* Frameworks */ = {
			isa = PBXFrameworksBuildPhase;
			buildActionMask = 2147483647;
			files = (
			);
			runOnlyForDeploymentPostprocessing = 0;
		};
/* End PBXFrameworksBuildPhase section */

/* Begin PBXGroup section */
		C909132323D181990017E9FA /* Dictys */ = {
			isa = PBXGroup;
			children = (
				C90AF89823CB8E8E00B6D192 /* Dictys.storyboard */,
				C909132423D181B50017E9FA /* DictyCell.swift */,
				C909132623D182A80017E9FA /* DictysViewController.swift */,
				C909132A23D18CF00017E9FA /* DictysData.swift */,
				C909133223D1C4410017E9FA /* Dicty page */,
			);
			path = Dictys;
			sourceTree = "<group>";
		};
		C909133223D1C4410017E9FA /* Dicty page */ = {
			isa = PBXGroup;
			children = (
				C909132E23D1C43E0017E9FA /* DictyViewController.swift */,
				C909132F23D1C43E0017E9FA /* DictyViewController.xib */,
			);
			path = "Dicty page";
			sourceTree = "<group>";
		};
		C90AF85A23CB8D3400B6D192 = {
			isa = PBXGroup;
			children = (
				C90AF86523CB8D3400B6D192 /* Dicty */,
				C90AF87A23CB8D3500B6D192 /* DictyTests */,
				C90AF88523CB8D3500B6D192 /* DictyUITests */,
				C90AF86423CB8D3400B6D192 /* Products */,
			);
			sourceTree = "<group>";
		};
		C90AF86423CB8D3400B6D192 /* Products */ = {
			isa = PBXGroup;
			children = (
				C90AF86323CB8D3400B6D192 /* Dicty.app */,
				C90AF87723CB8D3500B6D192 /* DictyTests.xctest */,
				C90AF88223CB8D3500B6D192 /* DictyUITests.xctest */,
			);
			name = Products;
			sourceTree = "<group>";
		};
		C90AF86523CB8D3400B6D192 /* Dicty */ = {
			isa = PBXGroup;
			children = (
				C909132323D181990017E9FA /* Dictys */,
				C90AF89723CB8E3D00B6D192 /* Storyboards */,
				C90AF86623CB8D3400B6D192 /* AppDelegate.swift */,
				C90AF86A23CB8D3400B6D192 /* Main.storyboard */,
				C90AF86D23CB8D3500B6D192 /* Assets.xcassets */,
				C90AF86F23CB8D3500B6D192 /* LaunchScreen.storyboard */,
				C90AF87223CB8D3500B6D192 /* Info.plist */,
				C98B245E23CF3D2C003D64E3 /* SettingsPage */,
			);
			path = Dicty;
			sourceTree = "<group>";
		};
		C90AF87A23CB8D3500B6D192 /* DictyTests */ = {
			isa = PBXGroup;
			children = (
				C90AF87B23CB8D3500B6D192 /* DictyTests.swift */,
				C90AF87D23CB8D3500B6D192 /* Info.plist */,
			);
			path = DictyTests;
			sourceTree = "<group>";
		};
		C90AF88523CB8D3500B6D192 /* DictyUITests */ = {
			isa = PBXGroup;
			children = (
				C90AF88623CB8D3500B6D192 /* DictyUITests.swift */,
				C90AF88823CB8D3500B6D192 /* Info.plist */,
			);
			path = DictyUITests;
			sourceTree = "<group>";
		};
		C90AF89723CB8E3D00B6D192 /* Storyboards */ = {
			isa = PBXGroup;
			children = (
				C90AF89423CB8E3100B6D192 /* NewWord.storyboard */,
				C90AF89B23CB8EC600B6D192 /* CoolStuff.storyboard */,
			);
			path = Storyboards;
			sourceTree = "<group>";
		};
		C940601E23D0796400984853 /* OfflineDictionaries Page */ = {
			isa = PBXGroup;
			children = (
				C98B246A23CF71A8003D64E3 /* OfflineDictionariesViewController.swift */,
				C940602123D07AB300984853 /* OfflineDictionariesCell.swift */,
				C98B246C23CF71FA003D64E3 /* OfflineDictionariesData.swift */,
			);
			path = "OfflineDictionaries Page";
			sourceTree = "<group>";
		};
		C98B245E23CF3D2C003D64E3 /* SettingsPage */ = {
			isa = PBXGroup;
			children = (
				C9210EC923CB939D00630147 /* SettingsView.swift */,
				C98B245C23CF32DA003D64E3 /* SettingsCell.swift */,
				C90AF89D23CB8F1B00B6D192 /* Settings.storyboard */,
				C9210ECB23CB946B00630147 /* SettingsData.swift */,
				C940601E23D0796400984853 /* OfflineDictionaries Page */,
				C98B246423CF4B97003D64E3 /* LanguagesViewController.swift */,
				C98B246623CF4CDA003D64E3 /* LanguagesData.swift */,
			);
			path = SettingsPage;
			sourceTree = "<group>";
		};
/* End PBXGroup section */

/* Begin PBXNativeTarget section */
		C90AF86223CB8D3400B6D192 /* Dicty */ = {
			isa = PBXNativeTarget;
			buildConfigurationList = C90AF88B23CB8D3500B6D192 /* Build configuration list for PBXNativeTarget "Dicty" */;
			buildPhases = (
				C90AF85F23CB8D3400B6D192 /* Sources */,
				C90AF86023CB8D3400B6D192 /* Frameworks */,
				C90AF86123CB8D3400B6D192 /* Resources */,
			);
			buildRules = (
			);
			dependencies = (
			);
			name = Dicty;
			productName = Dicty;
			productReference = C90AF86323CB8D3400B6D192 /* Dicty.app */;
			productType = "com.apple.product-type.application";
		};
		C90AF87623CB8D3500B6D192 /* DictyTests */ = {
			isa = PBXNativeTarget;
			buildConfigurationList = C90AF88E23CB8D3500B6D192 /* Build configuration list for PBXNativeTarget "DictyTests" */;
			buildPhases = (
				C90AF87323CB8D3500B6D192 /* Sources */,
				C90AF87423CB8D3500B6D192 /* Frameworks */,
				C90AF87523CB8D3500B6D192 /* Resources */,
			);
			buildRules = (
			);
			dependencies = (
				C90AF87923CB8D3500B6D192 /* PBXTargetDependency */,
			);
			name = DictyTests;
			productName = DictyTests;
			productReference = C90AF87723CB8D3500B6D192 /* DictyTests.xctest */;
			productType = "com.apple.product-type.bundle.unit-test";
		};
		C90AF88123CB8D3500B6D192 /* DictyUITests */ = {
			isa = PBXNativeTarget;
			buildConfigurationList = C90AF89123CB8D3500B6D192 /* Build configuration list for PBXNativeTarget "DictyUITests" */;
			buildPhases = (
				C90AF87E23CB8D3500B6D192 /* Sources */,
				C90AF87F23CB8D3500B6D192 /* Frameworks */,
				C90AF88023CB8D3500B6D192 /* Resources */,
			);
			buildRules = (
			);
			dependencies = (
				C90AF88423CB8D3500B6D192 /* PBXTargetDependency */,
			);
			name = DictyUITests;
			productName = DictyUITests;
			productReference = C90AF88223CB8D3500B6D192 /* DictyUITests.xctest */;
			productType = "com.apple.product-type.bundle.ui-testing";
		};
/* End PBXNativeTarget section */

/* Begin PBXProject section */
		C90AF85B23CB8D3400B6D192 /* Project object */ = {
			isa = PBXProject;
			attributes = {
				LastSwiftUpdateCheck = 1030;
				LastUpgradeCheck = 1030;
				ORGANIZATIONNAME = "Егор Бедов";
				TargetAttributes = {
					C90AF86223CB8D3400B6D192 = {
						CreatedOnToolsVersion = 10.3;
					};
					C90AF87623CB8D3500B6D192 = {
						CreatedOnToolsVersion = 10.3;
						TestTargetID = C90AF86223CB8D3400B6D192;
					};
					C90AF88123CB8D3500B6D192 = {
						CreatedOnToolsVersion = 10.3;
						TestTargetID = C90AF86223CB8D3400B6D192;
					};
				};
			};
			buildConfigurationList = C90AF85E23CB8D3400B6D192 /* Build configuration list for PBXProject "Dicty" */;
			compatibilityVersion = "Xcode 9.3";
			developmentRegion = en;
			hasScannedForEncodings = 0;
			knownRegions = (
				en,
				Base,
			);
			mainGroup = C90AF85A23CB8D3400B6D192;
			productRefGroup = C90AF86423CB8D3400B6D192 /* Products */;
			projectDirPath = "";
			projectRoot = "";
			targets = (
				C90AF86223CB8D3400B6D192 /* Dicty */,
				C90AF87623CB8D3500B6D192 /* DictyTests */,
				C90AF88123CB8D3500B6D192 /* DictyUITests */,
			);
		};
/* End PBXProject section */

/* Begin PBXResourcesBuildPhase section */
		C90AF86123CB8D3400B6D192 /* Resources */ = {
			isa = PBXResourcesBuildPhase;
			buildActionMask = 2147483647;
			files = (
				C90AF89A23CB8E8E00B6D192 /* Dictys.storyboard in Resources */,
				C90AF87123CB8D3500B6D192 /* LaunchScreen.storyboard in Resources */,
				C90AF86E23CB8D3500B6D192 /* Assets.xcassets in Resources */,
				C90AF86C23CB8D3400B6D192 /* Main.storyboard in Resources */,
				C909133123D1C43E0017E9FA /* DictyViewController.xib in Resources */,
				C90AF89C23CB8EC600B6D192 /* CoolStuff.storyboard in Resources */,
				C90AF89623CB8E3100B6D192 /* NewWord.storyboard in Resources */,
				C90AF89E23CB8F1B00B6D192 /* Settings.storyboard in Resources */,
			);
			runOnlyForDeploymentPostprocessing = 0;
		};
		C90AF87523CB8D3500B6D192 /* Resources */ = {
			isa = PBXResourcesBuildPhase;
			buildActionMask = 2147483647;
			files = (
			);
			runOnlyForDeploymentPostprocessing = 0;
		};
		C90AF88023CB8D3500B6D192 /* Resources */ = {
			isa = PBXResourcesBuildPhase;
			buildActionMask = 2147483647;
			files = (
			);
			runOnlyForDeploymentPostprocessing = 0;
		};
/* End PBXResourcesBuildPhase section */

/* Begin PBXSourcesBuildPhase section */
		C90AF85F23CB8D3400B6D192 /* Sources */ = {
			isa = PBXSourcesBuildPhase;
			buildActionMask = 2147483647;
			files = (
				C909132723D182A80017E9FA /* DictysViewController.swift in Sources */,
				C90AF86723CB8D3400B6D192 /* AppDelegate.swift in Sources */,
				C940602223D07AB300984853 /* OfflineDictionariesCell.swift in Sources */,
				C98B246B23CF71A8003D64E3 /* OfflineDictionariesViewController.swift in Sources */,
				C9210ECA23CB939D00630147 /* SettingsView.swift in Sources */,
				C98B246D23CF71FA003D64E3 /* OfflineDictionariesData.swift in Sources */,
				C909132523D181B50017E9FA /* DictyCell.swift in Sources */,
				C98B245D23CF32DA003D64E3 /* SettingsCell.swift in Sources */,
				C98B246523CF4B97003D64E3 /* LanguagesViewController.swift in Sources */,
				C909132B23D18CF00017E9FA /* DictysData.swift in Sources */,
				C909133023D1C43E0017E9FA /* DictyViewController.swift in Sources */,
				C9210ECC23CB946B00630147 /* SettingsData.swift in Sources */,
				C98B246723CF4CDA003D64E3 /* LanguagesData.swift in Sources */,
			);
			runOnlyForDeploymentPostprocessing = 0;
		};
		C90AF87323CB8D3500B6D192 /* Sources */ = {
			isa = PBXSourcesBuildPhase;
			buildActionMask = 2147483647;
			files = (
				C90AF87C23CB8D3500B6D192 /* DictyTests.swift in Sources */,
			);
			runOnlyForDeploymentPostprocessing = 0;
		};
		C90AF87E23CB8D3500B6D192 /* Sources */ = {
			isa = PBXSourcesBuildPhase;
			buildActionMask = 2147483647;
			files = (
				C90AF88723CB8D3500B6D192 /* DictyUITests.swift in Sources */,
			);
			runOnlyForDeploymentPostprocessing = 0;
		};
/* End PBXSourcesBuildPhase section */

/* Begin PBXTargetDependency section */
		C90AF87923CB8D3500B6D192 /* PBXTargetDependency */ = {
			isa = PBXTargetDependency;
			target = C90AF86223CB8D3400B6D192 /* Dicty */;
			targetProxy = C90AF87823CB8D3500B6D192 /* PBXContainerItemProxy */;
		};
		C90AF88423CB8D3500B6D192 /* PBXTargetDependency */ = {
			isa = PBXTargetDependency;
			target = C90AF86223CB8D3400B6D192 /* Dicty */;
			targetProxy = C90AF88323CB8D3500B6D192 /* PBXContainerItemProxy */;
		};
/* End PBXTargetDependency section */

/* Begin PBXVariantGroup section */
		C90AF86A23CB8D3400B6D192 /* Main.storyboard */ = {
			isa = PBXVariantGroup;
			children = (
				C90AF86B23CB8D3400B6D192 /* Base */,
			);
			name = Main.storyboard;
			sourceTree = "<group>";
		};
		C90AF86F23CB8D3500B6D192 /* LaunchScreen.storyboard */ = {
			isa = PBXVariantGroup;
			children = (
				C90AF87023CB8D3500B6D192 /* Base */,
			);
			name = LaunchScreen.storyboard;
			sourceTree = "<group>";
		};
		C90AF89423CB8E3100B6D192 /* NewWord.storyboard */ = {
			isa = PBXVariantGroup;
			children = (
				C90AF89523CB8E3100B6D192 /* Base */,
			);
			name = NewWord.storyboard;
			sourceTree = "<group>";
		};
		C90AF89823CB8E8E00B6D192 /* Dictys.storyboard */ = {
			isa = PBXVariantGroup;
			children = (
				C90AF89923CB8E8E00B6D192 /* Base */,
			);
			name = Dictys.storyboard;
			sourceTree = "<group>";
		};
/* End PBXVariantGroup section */

/* Begin XCBuildConfiguration section */
		C90AF88923CB8D3500B6D192 /* Debug */ = {
			isa = XCBuildConfiguration;
			buildSettings = {
				ALWAYS_SEARCH_USER_PATHS = NO;
				CLANG_ANALYZER_NONNULL = YES;
				CLANG_ANALYZER_NUMBER_OBJECT_CONVERSION = YES_AGGRESSIVE;
				CLANG_CXX_LANGUAGE_STANDARD = "gnu++14";
				CLANG_CXX_LIBRARY = "libc++";
				CLANG_ENABLE_MODULES = YES;
				CLANG_ENABLE_OBJC_ARC = YES;
				CLANG_ENABLE_OBJC_WEAK = YES;
				CLANG_WARN_BLOCK_CAPTURE_AUTORELEASING = YES;
				CLANG_WARN_BOOL_CONVERSION = YES;
				CLANG_WARN_COMMA = YES;
				CLANG_WARN_CONSTANT_CONVERSION = YES;
				CLANG_WARN_DEPRECATED_OBJC_IMPLEMENTATIONS = YES;
				CLANG_WARN_DIRECT_OBJC_ISA_USAGE = YES_ERROR;
				CLANG_WARN_DOCUMENTATION_COMMENTS = YES;
				CLANG_WARN_EMPTY_BODY = YES;
				CLANG_WARN_ENUM_CONVERSION = YES;
				CLANG_WARN_INFINITE_RECURSION = YES;
				CLANG_WARN_INT_CONVERSION = YES;
				CLANG_WARN_NON_LITERAL_NULL_CONVERSION = YES;
				CLANG_WARN_OBJC_IMPLICIT_RETAIN_SELF = YES;
				CLANG_WARN_OBJC_LITERAL_CONVERSION = YES;
				CLANG_WARN_OBJC_ROOT_CLASS = YES_ERROR;
				CLANG_WARN_RANGE_LOOP_ANALYSIS = YES;
				CLANG_WARN_STRICT_PROTOTYPES = YES;
				CLANG_WARN_SUSPICIOUS_MOVE = YES;
				CLANG_WARN_UNGUARDED_AVAILABILITY = YES_AGGRESSIVE;
				CLANG_WARN_UNREACHABLE_CODE = YES;
				CLANG_WARN__DUPLICATE_METHOD_MATCH = YES;
				CODE_SIGN_IDENTITY = "iPhone Developer";
				COPY_PHASE_STRIP = NO;
				DEBUG_INFORMATION_FORMAT = dwarf;
				ENABLE_STRICT_OBJC_MSGSEND = YES;
				ENABLE_TESTABILITY = YES;
				GCC_C_LANGUAGE_STANDARD = gnu11;
				GCC_DYNAMIC_NO_PIC = NO;
				GCC_NO_COMMON_BLOCKS = YES;
				GCC_OPTIMIZATION_LEVEL = 0;
				GCC_PREPROCESSOR_DEFINITIONS = (
					"DEBUG=1",
					"$(inherited)",
				);
				GCC_WARN_64_TO_32_BIT_CONVERSION = YES;
				GCC_WARN_ABOUT_RETURN_TYPE = YES_ERROR;
				GCC_WARN_UNDECLARED_SELECTOR = YES;
				GCC_WARN_UNINITIALIZED_AUTOS = YES_AGGRESSIVE;
				GCC_WARN_UNUSED_FUNCTION = YES;
				GCC_WARN_UNUSED_VARIABLE = YES;
				IPHONEOS_DEPLOYMENT_TARGET = 12.4;
				MTL_ENABLE_DEBUG_INFO = INCLUDE_SOURCE;
				MTL_FAST_MATH = YES;
				ONLY_ACTIVE_ARCH = YES;
				SDKROOT = iphoneos;
				SWIFT_ACTIVE_COMPILATION_CONDITIONS = DEBUG;
				SWIFT_OPTIMIZATION_LEVEL = "-Onone";
			};
			name = Debug;
		};
		C90AF88A23CB8D3500B6D192 /* Release */ = {
			isa = XCBuildConfiguration;
			buildSettings = {
				ALWAYS_SEARCH_USER_PATHS = NO;
				CLANG_ANALYZER_NONNULL = YES;
				CLANG_ANALYZER_NUMBER_OBJECT_CONVERSION = YES_AGGRESSIVE;
				CLANG_CXX_LANGUAGE_STANDARD = "gnu++14";
				CLANG_CXX_LIBRARY = "libc++";
				CLANG_ENABLE_MODULES = YES;
				CLANG_ENABLE_OBJC_ARC = YES;
				CLANG_ENABLE_OBJC_WEAK = YES;
				CLANG_WARN_BLOCK_CAPTURE_AUTORELEASING = YES;
				CLANG_WARN_BOOL_CONVERSION = YES;
				CLANG_WARN_COMMA = YES;
				CLANG_WARN_CONSTANT_CONVERSION = YES;
				CLANG_WARN_DEPRECATED_OBJC_IMPLEMENTATIONS = YES;
				CLANG_WARN_DIRECT_OBJC_ISA_USAGE = YES_ERROR;
				CLANG_WARN_DOCUMENTATION_COMMENTS = YES;
				CLANG_WARN_EMPTY_BODY = YES;
				CLANG_WARN_ENUM_CONVERSION = YES;
				CLANG_WARN_INFINITE_RECURSION = YES;
				CLANG_WARN_INT_CONVERSION = YES;
				CLANG_WARN_NON_LITERAL_NULL_CONVERSION = YES;
				CLANG_WARN_OBJC_IMPLICIT_RETAIN_SELF = YES;
				CLANG_WARN_OBJC_LITERAL_CONVERSION = YES;
				CLANG_WARN_OBJC_ROOT_CLASS = YES_ERROR;
				CLANG_WARN_RANGE_LOOP_ANALYSIS = YES;
				CLANG_WARN_STRICT_PROTOTYPES = YES;
				CLANG_WARN_SUSPICIOUS_MOVE = YES;
				CLANG_WARN_UNGUARDED_AVAILABILITY = YES_AGGRESSIVE;
				CLANG_WARN_UNREACHABLE_CODE = YES;
				CLANG_WARN__DUPLICATE_METHOD_MATCH = YES;
				CODE_SIGN_IDENTITY = "iPhone Developer";
				COPY_PHASE_STRIP = NO;
				DEBUG_INFORMATION_FORMAT = "dwarf-with-dsym";
				ENABLE_NS_ASSERTIONS = NO;
				ENABLE_STRICT_OBJC_MSGSEND = YES;
				GCC_C_LANGUAGE_STANDARD = gnu11;
				GCC_NO_COMMON_BLOCKS = YES;
				GCC_WARN_64_TO_32_BIT_CONVERSION = YES;
				GCC_WARN_ABOUT_RETURN_TYPE = YES_ERROR;
				GCC_WARN_UNDECLARED_SELECTOR = YES;
				GCC_WARN_UNINITIALIZED_AUTOS = YES_AGGRESSIVE;
				GCC_WARN_UNUSED_FUNCTION = YES;
				GCC_WARN_UNUSED_VARIABLE = YES;
				IPHONEOS_DEPLOYMENT_TARGET = 12.4;
				MTL_ENABLE_DEBUG_INFO = NO;
				MTL_FAST_MATH = YES;
				SDKROOT = iphoneos;
				SWIFT_COMPILATION_MODE = wholemodule;
				SWIFT_OPTIMIZATION_LEVEL = "-O";
				VALIDATE_PRODUCT = YES;
			};
			name = Release;
		};
		C90AF88C23CB8D3500B6D192 /* Debug */ = {
			isa = XCBuildConfiguration;
			buildSettings = {
				ASSETCATALOG_COMPILER_APPICON_NAME = AppIcon;
				CODE_SIGN_STYLE = Automatic;
				DEVELOPMENT_TEAM = 9UVLA94J57;
				INFOPLIST_FILE = Dicty/Info.plist;
				IPHONEOS_DEPLOYMENT_TARGET = 12.0;
				LD_RUNPATH_SEARCH_PATHS = (
					"$(inherited)",
					"@executable_path/Frameworks",
				);
				PRODUCT_BUNDLE_IDENTIFIER = egogoger.Dicty;
				PRODUCT_NAME = "$(TARGET_NAME)";
				SWIFT_VERSION = 5.0;
				TARGETED_DEVICE_FAMILY = "1,2";
			};
			name = Debug;
		};
		C90AF88D23CB8D3500B6D192 /* Release */ = {
			isa = XCBuildConfiguration;
			buildSettings = {
				ASSETCATALOG_COMPILER_APPICON_NAME = AppIcon;
				CODE_SIGN_STYLE = Automatic;
				DEVELOPMENT_TEAM = 9UVLA94J57;
				INFOPLIST_FILE = Dicty/Info.plist;
				IPHONEOS_DEPLOYMENT_TARGET = 12.0;
				LD_RUNPATH_SEARCH_PATHS = (
					"$(inherited)",
					"@executable_path/Frameworks",
				);
				PRODUCT_BUNDLE_IDENTIFIER = egogoger.Dicty;
				PRODUCT_NAME = "$(TARGET_NAME)";
				SWIFT_VERSION = 5.0;
				TARGETED_DEVICE_FAMILY = "1,2";
			};
			name = Release;
		};
		C90AF88F23CB8D3500B6D192 /* Debug */ = {
			isa = XCBuildConfiguration;
			buildSettings = {
				ALWAYS_EMBED_SWIFT_STANDARD_LIBRARIES = YES;
				BUNDLE_LOADER = "$(TEST_HOST)";
				CODE_SIGN_STYLE = Automatic;
				DEVELOPMENT_TEAM = 9UVLA94J57;
				INFOPLIST_FILE = DictyTests/Info.plist;
				LD_RUNPATH_SEARCH_PATHS = (
					"$(inherited)",
					"@executable_path/Frameworks",
					"@loader_path/Frameworks",
				);
				PRODUCT_BUNDLE_IDENTIFIER = egogoger.DictyTests;
				PRODUCT_NAME = "$(TARGET_NAME)";
				SWIFT_VERSION = 5.0;
				TARGETED_DEVICE_FAMILY = "1,2";
				TEST_HOST = "$(BUILT_PRODUCTS_DIR)/Dicty.app/Dicty";
			};
			name = Debug;
		};
		C90AF89023CB8D3500B6D192 /* Release */ = {
			isa = XCBuildConfiguration;
			buildSettings = {
				ALWAYS_EMBED_SWIFT_STANDARD_LIBRARIES = YES;
				BUNDLE_LOADER = "$(TEST_HOST)";
				CODE_SIGN_STYLE = Automatic;
				DEVELOPMENT_TEAM = 9UVLA94J57;
				INFOPLIST_FILE = DictyTests/Info.plist;
				LD_RUNPATH_SEARCH_PATHS = (
					"$(inherited)",
					"@executable_path/Frameworks",
					"@loader_path/Frameworks",
				);
				PRODUCT_BUNDLE_IDENTIFIER = egogoger.DictyTests;
				PRODUCT_NAME = "$(TARGET_NAME)";
				SWIFT_VERSION = 5.0;
				TARGETED_DEVICE_FAMILY = "1,2";
				TEST_HOST = "$(BUILT_PRODUCTS_DIR)/Dicty.app/Dicty";
			};
			name = Release;
		};
		C90AF89223CB8D3500B6D192 /* Debug */ = {
			isa = XCBuildConfiguration;
			buildSettings = {
				ALWAYS_EMBED_SWIFT_STANDARD_LIBRARIES = YES;
				CODE_SIGN_STYLE = Automatic;
				DEVELOPMENT_TEAM = 9UVLA94J57;
				INFOPLIST_FILE = DictyUITests/Info.plist;
				LD_RUNPATH_SEARCH_PATHS = (
					"$(inherited)",
					"@executable_path/Frameworks",
					"@loader_path/Frameworks",
				);
				PRODUCT_BUNDLE_IDENTIFIER = egogoger.DictyUITests;
				PRODUCT_NAME = "$(TARGET_NAME)";
				SWIFT_VERSION = 5.0;
				TARGETED_DEVICE_FAMILY = "1,2";
				TEST_TARGET_NAME = Dicty;
			};
			name = Debug;
		};
		C90AF89323CB8D3500B6D192 /* Release */ = {
			isa = XCBuildConfiguration;
			buildSettings = {
				ALWAYS_EMBED_SWIFT_STANDARD_LIBRARIES = YES;
				CODE_SIGN_STYLE = Automatic;
				DEVELOPMENT_TEAM = 9UVLA94J57;
				INFOPLIST_FILE = DictyUITests/Info.plist;
				LD_RUNPATH_SEARCH_PATHS = (
					"$(inherited)",
					"@executable_path/Frameworks",
					"@loader_path/Frameworks",
				);
				PRODUCT_BUNDLE_IDENTIFIER = egogoger.DictyUITests;
				PRODUCT_NAME = "$(TARGET_NAME)";
				SWIFT_VERSION = 5.0;
				TARGETED_DEVICE_FAMILY = "1,2";
				TEST_TARGET_NAME = Dicty;
			};
			name = Release;
		};
/* End XCBuildConfiguration section */

/* Begin XCConfigurationList section */
		C90AF85E23CB8D3400B6D192 /* Build configuration list for PBXProject "Dicty" */ = {
			isa = XCConfigurationList;
			buildConfigurations = (
				C90AF88923CB8D3500B6D192 /* Debug */,
				C90AF88A23CB8D3500B6D192 /* Release */,
			);
			defaultConfigurationIsVisible = 0;
			defaultConfigurationName = Release;
		};
		C90AF88B23CB8D3500B6D192 /* Build configuration list for PBXNativeTarget "Dicty" */ = {
			isa = XCConfigurationList;
			buildConfigurations = (
				C90AF88C23CB8D3500B6D192 /* Debug */,
				C90AF88D23CB8D3500B6D192 /* Release */,
			);
			defaultConfigurationIsVisible = 0;
			defaultConfigurationName = Release;
		};
		C90AF88E23CB8D3500B6D192 /* Build configuration list for PBXNativeTarget "DictyTests" */ = {
			isa = XCConfigurationList;
			buildConfigurations = (
				C90AF88F23CB8D3500B6D192 /* Debug */,
				C90AF89023CB8D3500B6D192 /* Release */,
			);
			defaultConfigurationIsVisible = 0;
			defaultConfigurationName = Release;
		};
		C90AF89123CB8D3500B6D192 /* Build configuration list for PBXNativeTarget "DictyUITests" */ = {
			isa = XCConfigurationList;
			buildConfigurations = (
				C90AF89223CB8D3500B6D192 /* Debug */,
				C90AF89323CB8D3500B6D192 /* Release */,
			);
			defaultConfigurationIsVisible = 0;
			defaultConfigurationName = Release;
		};
/* End XCConfigurationList section */
	};
	rootObject = C90AF85B23CB8D3400B6D192 /* Project object */;
}
